
Microsoft Visual Studio Solution File, Format Version 12.00
# Visual Studio Version 16
VisualStudioVersion = 16.0.36631.11
MinimumVisualStudioVersion = 10.0.40219.1
Project("{FAE04EC0-301F-11D3-BF4B-00C04F79EFBC}") = "Task2", "Task2\Task2.csproj", "{9983C941-4FFE-4BE2-8B94-F9F05B365F31}"
EndProject
Global
	GlobalSection(SolutionConfigurationPlatforms) = preSolution
		Debug|Any CPU = Debug|Any CPU
		Release|Any CPU = Release|Any CPU
	EndGlobalSection
	GlobalSection(ProjectConfigurationPlatforms) = postSolution
		{9983C941-4FFE-4BE2-8B94-F9F05B365F31}.Debug|Any CPU.ActiveCfg = Debug|Any CPU
		{9983C941-4FFE-4BE2-8B94-F9F05B365F31}.Debug|Any CPU.Build.0 = Debug|Any CPU
		{9983C941-4FFE-4BE2-8B94-F9F05B365F31}.Release|Any CPU.ActiveCfg = Release|Any CPU
		{9983C941-4FFE-4BE2-8B94-F9F05B365F31}.Release|Any CPU.Build.0 = Release|Any CPU
	EndGlobalSection
	GlobalSection(SolutionProperties) = preSolution
		HideSolutionNode = FALSE
	EndGlobalSection
	GlobalSection(ExtensibilityGlobals) = postSolution
		SolutionGuid = {5D5BCE8F-F458-4678-8652-975AFCB6BB99}
	EndGlobalSection
EndGlobal
